// !$*UTF8*$!
{
	archiveVersion = 1;
	classes = {
	};
	objectVersion = 51;
	objects = {

/* Begin PBXBuildFile section */
		AD7804CB6F3607BACE372DFF /* Pods_Messenger.framework in Frameworks */ = {isa = PBXBuildFile; fileRef = B0965D7725EE76BA39C1D745 /* Pods_Messenger.framework */; };
		CE1D0104263A950B00B1F2E1 /* UITextFieldExtension.swift in Sources */ = {isa = PBXBuildFile; fileRef = CE1D0103263A950B00B1F2E1 /* UITextFieldExtension.swift */; };
		CEE23DB3278567B600810A8B /* VideoCallViewController.swift in Sources */ = {isa = PBXBuildFile; fileRef = CEE23DB2278567B600810A8B /* VideoCallViewController.swift */; };
		CEE23DB9278567D100810A8B /* RTCCustomFrameCapture.swift in Sources */ = {isa = PBXBuildFile; fileRef = CEE23DB5278567D100810A8B /* RTCCustomFrameCapture.swift */; };
		CEE23DBA278567D100810A8B /* RTCSimulatorVideoDecoderFactory.swift in Sources */ = {isa = PBXBuildFile; fileRef = CEE23DB6278567D100810A8B /* RTCSimulatorVideoDecoderFactory.swift */; };
		CEE23DBB278567D100810A8B /* WebRTCClient.swift in Sources */ = {isa = PBXBuildFile; fileRef = CEE23DB7278567D100810A8B /* WebRTCClient.swift */; };
		CEE23DBC278567D100810A8B /* RTCSimluatorVideoEncoderFactory.swift in Sources */ = {isa = PBXBuildFile; fileRef = CEE23DB8278567D100810A8B /* RTCSimluatorVideoEncoderFactory.swift */; };
		CEE23DBE2785680C00810A8B /* Communication.swift in Sources */ = {isa = PBXBuildFile; fileRef = CEE23DBD2785680B00810A8B /* Communication.swift */; };
		CEE23DC02785683800810A8B /* CameraFilter.swift in Sources */ = {isa = PBXBuildFile; fileRef = CEE23DBF2785683800810A8B /* CameraFilter.swift */; };
		CEE23DC22785686600810A8B /* CameraSession.swift in Sources */ = {isa = PBXBuildFile; fileRef = CEE23DC12785686600810A8B /* CameraSession.swift */; };
		CEE23DC627856F9700810A8B /* IncomingCallViewController.swift in Sources */ = {isa = PBXBuildFile; fileRef = CEE23DC527856F9700810A8B /* IncomingCallViewController.swift */; };
		CEE23DC82785705700810A8B /* EntryViewController.swift in Sources */ = {isa = PBXBuildFile; fileRef = CEE23DC72785705700810A8B /* EntryViewController.swift */; };
		CEE23DCA2785732500810A8B /* Ringtone.swift in Sources */ = {isa = PBXBuildFile; fileRef = CEE23DC92785732500810A8B /* Ringtone.swift */; };
		CEE23DCC2785734100810A8B /* Captian.mp3 in Resources */ = {isa = PBXBuildFile; fileRef = CEE23DCB2785734000810A8B /* Captian.mp3 */; };
		CEE23DCE278582B400810A8B /* sample.mp4 in Resources */ = {isa = PBXBuildFile; fileRef = CEE23DCD2785826000810A8B /* sample.mp4 */; };
		CEFC2E5C2639A6380023CD5A /* AppDelegate.swift in Sources */ = {isa = PBXBuildFile; fileRef = CEFC2E5B2639A6380023CD5A /* AppDelegate.swift */; };
		CEFC2E5E2639A6380023CD5A /* SceneDelegate.swift in Sources */ = {isa = PBXBuildFile; fileRef = CEFC2E5D2639A6380023CD5A /* SceneDelegate.swift */; };
		CEFC2E632639A6380023CD5A /* Main.storyboard in Resources */ = {isa = PBXBuildFile; fileRef = CEFC2E612639A6380023CD5A /* Main.storyboard */; };
		CEFC2E652639A63A0023CD5A /* Assets.xcassets in Resources */ = {isa = PBXBuildFile; fileRef = CEFC2E642639A63A0023CD5A /* Assets.xcassets */; };
		CEFC2E682639A63A0023CD5A /* LaunchScreen.storyboard in Resources */ = {isa = PBXBuildFile; fileRef = CEFC2E662639A63A0023CD5A /* LaunchScreen.storyboard */; };
		CEFC2E8C2639B7AD0023CD5A /* UIImageViewExtension.swift in Sources */ = {isa = PBXBuildFile; fileRef = CEFC2E8B2639B7AD0023CD5A /* UIImageViewExtension.swift */; };
		CEFC2E9C2639BAB70023CD5A /* Environment.swift in Sources */ = {isa = PBXBuildFile; fileRef = CEFC2E9B2639BAB70023CD5A /* Environment.swift */; };
		CEFC2EA22639C6D60023CD5A /* UIViewExtension.swift in Sources */ = {isa = PBXBuildFile; fileRef = CEFC2EA12639C6D60023CD5A /* UIViewExtension.swift */; };
/* End PBXBuildFile section */

/* Begin PBXFileReference section */
		221A3AF44C236C190E209096 /* Pods-Messenger.release.xcconfig */ = {isa = PBXFileReference; includeInIndex = 1; lastKnownFileType = text.xcconfig; name = "Pods-Messenger.release.xcconfig"; path = "Target Support Files/Pods-Messenger/Pods-Messenger.release.xcconfig"; sourceTree = "<group>"; };
		4C2E23434BAA7D35EB72E668 /* Pods-Messenger.debug.xcconfig */ = {isa = PBXFileReference; includeInIndex = 1; lastKnownFileType = text.xcconfig; name = "Pods-Messenger.debug.xcconfig"; path = "Target Support Files/Pods-Messenger/Pods-Messenger.debug.xcconfig"; sourceTree = "<group>"; };
		B0965D7725EE76BA39C1D745 /* Pods_Messenger.framework */ = {isa = PBXFileReference; explicitFileType = wrapper.framework; includeInIndex = 0; path = Pods_Messenger.framework; sourceTree = BUILT_PRODUCTS_DIR; };
		CE1D0103263A950B00B1F2E1 /* UITextFieldExtension.swift */ = {isa = PBXFileReference; lastKnownFileType = sourcecode.swift; path = UITextFieldExtension.swift; sourceTree = "<group>"; };
		CEE23DB2278567B600810A8B /* VideoCallViewController.swift */ = {isa = PBXFileReference; fileEncoding = 4; lastKnownFileType = sourcecode.swift; path = VideoCallViewController.swift; sourceTree = "<group>"; };
		CEE23DB5278567D100810A8B /* RTCCustomFrameCapture.swift */ = {isa = PBXFileReference; fileEncoding = 4; lastKnownFileType = sourcecode.swift; path = RTCCustomFrameCapture.swift; sourceTree = "<group>"; };
		CEE23DB6278567D100810A8B /* RTCSimulatorVideoDecoderFactory.swift */ = {isa = PBXFileReference; fileEncoding = 4; lastKnownFileType = sourcecode.swift; path = RTCSimulatorVideoDecoderFactory.swift; sourceTree = "<group>"; };
		CEE23DB7278567D100810A8B /* WebRTCClient.swift */ = {isa = PBXFileReference; fileEncoding = 4; lastKnownFileType = sourcecode.swift; path = WebRTCClient.swift; sourceTree = "<group>"; };
		CEE23DB8278567D100810A8B /* RTCSimluatorVideoEncoderFactory.swift */ = {isa = PBXFileReference; fileEncoding = 4; lastKnownFileType = sourcecode.swift; path = RTCSimluatorVideoEncoderFactory.swift; sourceTree = "<group>"; };
		CEE23DBD2785680B00810A8B /* Communication.swift */ = {isa = PBXFileReference; fileEncoding = 4; lastKnownFileType = sourcecode.swift; path = Communication.swift; sourceTree = "<group>"; };
		CEE23DBF2785683800810A8B /* CameraFilter.swift */ = {isa = PBXFileReference; fileEncoding = 4; lastKnownFileType = sourcecode.swift; path = CameraFilter.swift; sourceTree = "<group>"; };
		CEE23DC12785686600810A8B /* CameraSession.swift */ = {isa = PBXFileReference; fileEncoding = 4; lastKnownFileType = sourcecode.swift; path = CameraSession.swift; sourceTree = "<group>"; };
		CEE23DC527856F9700810A8B /* IncomingCallViewController.swift */ = {isa = PBXFileReference; fileEncoding = 4; lastKnownFileType = sourcecode.swift; path = IncomingCallViewController.swift; sourceTree = "<group>"; };
		CEE23DC72785705700810A8B /* EntryViewController.swift */ = {isa = PBXFileReference; lastKnownFileType = sourcecode.swift; path = EntryViewController.swift; sourceTree = "<group>"; };
		CEE23DC92785732500810A8B /* Ringtone.swift */ = {isa = PBXFileReference; fileEncoding = 4; lastKnownFileType = sourcecode.swift; path = Ringtone.swift; sourceTree = "<group>"; };
		CEE23DCB2785734000810A8B /* Captian.mp3 */ = {isa = PBXFileReference; lastKnownFileType = audio.mp3; path = Captian.mp3; sourceTree = "<group>"; };
		CEE23DCD2785826000810A8B /* sample.mp4 */ = {isa = PBXFileReference; lastKnownFileType = file; path = sample.mp4; sourceTree = "<group>"; };
		CEFC2E582639A6380023CD5A /* Messenger.app */ = {isa = PBXFileReference; explicitFileType = wrapper.application; includeInIndex = 0; path = Messenger.app; sourceTree = BUILT_PRODUCTS_DIR; };
		CEFC2E5B2639A6380023CD5A /* AppDelegate.swift */ = {isa = PBXFileReference; lastKnownFileType = sourcecode.swift; path = AppDelegate.swift; sourceTree = "<group>"; };
		CEFC2E5D2639A6380023CD5A /* SceneDelegate.swift */ = {isa = PBXFileReference; lastKnownFileType = sourcecode.swift; path = SceneDelegate.swift; sourceTree = "<group>"; };
		CEFC2E622639A6380023CD5A /* Base */ = {isa = PBXFileReference; lastKnownFileType = file.storyboard; name = Base; path = Base.lproj/Main.storyboard; sourceTree = "<group>"; };
		CEFC2E642639A63A0023CD5A /* Assets.xcassets */ = {isa = PBXFileReference; lastKnownFileType = folder.assetcatalog; path = Assets.xcassets; sourceTree = "<group>"; };
		CEFC2E672639A63A0023CD5A /* Base */ = {isa = PBXFileReference; lastKnownFileType = file.storyboard; name = Base; path = Base.lproj/LaunchScreen.storyboard; sourceTree = "<group>"; };
		CEFC2E692639A63A0023CD5A /* Info.plist */ = {isa = PBXFileReference; lastKnownFileType = text.plist.xml; path = Info.plist; sourceTree = "<group>"; };
		CEFC2E8B2639B7AD0023CD5A /* UIImageViewExtension.swift */ = {isa = PBXFileReference; lastKnownFileType = sourcecode.swift; path = UIImageViewExtension.swift; sourceTree = "<group>"; };
		CEFC2E982639BA3E0023CD5A /* Development.xcconfig */ = {isa = PBXFileReference; lastKnownFileType = text.xcconfig; path = Development.xcconfig; sourceTree = "<group>"; };
		CEFC2E9B2639BAB70023CD5A /* Environment.swift */ = {isa = PBXFileReference; lastKnownFileType = sourcecode.swift; path = Environment.swift; sourceTree = "<group>"; };
		CEFC2EA12639C6D60023CD5A /* UIViewExtension.swift */ = {isa = PBXFileReference; lastKnownFileType = sourcecode.swift; path = UIViewExtension.swift; sourceTree = "<group>"; };
/* End PBXFileReference section */

/* Begin PBXFrameworksBuildPhase section */
		CEFC2E552639A6380023CD5A /* Frameworks */ = {
			isa = PBXFrameworksBuildPhase;
			buildActionMask = 2147483647;
			files = (
				AD7804CB6F3607BACE372DFF /* Pods_Messenger.framework in Frameworks */,
			);
			runOnlyForDeploymentPostprocessing = 0;
		};
/* End PBXFrameworksBuildPhase section */

/* Begin PBXGroup section */
		2042608CDCEFF4B6CE4EAD84 /* Frameworks */ = {
			isa = PBXGroup;
			children = (
				B0965D7725EE76BA39C1D745 /* Pods_Messenger.framework */,
			);
			name = Frameworks;
			sourceTree = "<group>";
		};
		C3067EAF93B48A7AE03CC690 /* Pods */ = {
			isa = PBXGroup;
			children = (
				4C2E23434BAA7D35EB72E668 /* Pods-Messenger.debug.xcconfig */,
				221A3AF44C236C190E209096 /* Pods-Messenger.release.xcconfig */,
			);
			path = Pods;
			sourceTree = "<group>";
		};
		CE1D0100263A949000B1F2E1 /* Singletons */ = {
			isa = PBXGroup;
			children = (
				CEFC2E5B2639A6380023CD5A /* AppDelegate.swift */,
				CEFC2E5D2639A6380023CD5A /* SceneDelegate.swift */,
			);
			path = Singletons;
			sourceTree = "<group>";
		};
		CE1D0102263A949D00B1F2E1 /* ViewControllers */ = {
			isa = PBXGroup;
			children = (
				CEE23DB2278567B600810A8B /* VideoCallViewController.swift */,
				CEE23DC72785705700810A8B /* EntryViewController.swift */,
			);
			path = ViewControllers;
			sourceTree = "<group>";
		};
		CEE23DB4278567D100810A8B /* WebRTC */ = {
			isa = PBXGroup;
			children = (
				CEE23DC12785686600810A8B /* CameraSession.swift */,
				CEE23DBF2785683800810A8B /* CameraFilter.swift */,
				CEE23DB5278567D100810A8B /* RTCCustomFrameCapture.swift */,
				CEE23DB6278567D100810A8B /* RTCSimulatorVideoDecoderFactory.swift */,
				CEE23DB7278567D100810A8B /* WebRTCClient.swift */,
				CEE23DB8278567D100810A8B /* RTCSimluatorVideoEncoderFactory.swift */,
			);
			path = WebRTC;
			sourceTree = "<group>";
		};
		CEFC2E4F2639A6380023CD5A = {
			isa = PBXGroup;
			children = (
				CEFC2E5A2639A6380023CD5A /* Messenger */,
				CEFC2E592639A6380023CD5A /* Products */,
				C3067EAF93B48A7AE03CC690 /* Pods */,
				2042608CDCEFF4B6CE4EAD84 /* Frameworks */,
			);
			sourceTree = "<group>";
		};
		CEFC2E592639A6380023CD5A /* Products */ = {
			isa = PBXGroup;
			children = (
				CEFC2E582639A6380023CD5A /* Messenger.app */,
			);
			name = Products;
			sourceTree = "<group>";
		};
		CEFC2E5A2639A6380023CD5A /* Messenger */ = {
			isa = PBXGroup;
			children = (
				CEE23DB4278567D100810A8B /* WebRTC */,
				CE1D0102263A949D00B1F2E1 /* ViewControllers */,
				CE1D0100263A949000B1F2E1 /* Singletons */,
				CEFC2E992639BA460023CD5A /* Configs */,
				CEFC2E902639B9950023CD5A /* Networking */,
				CEFC2E8A2639B77C0023CD5A /* Extensions */,
				CEFC2E702639A6E00023CD5A /* Common */,
				CEFC2E612639A6380023CD5A /* Main.storyboard */,
				CEFC2E642639A63A0023CD5A /* Assets.xcassets */,
				CEFC2E662639A63A0023CD5A /* LaunchScreen.storyboard */,
			);
			path = Messenger;
			sourceTree = "<group>";
		};
		CEFC2E702639A6E00023CD5A /* Common */ = {
			isa = PBXGroup;
			children = (
				CEE23DCD2785826000810A8B /* sample.mp4 */,
				CEE23DCB2785734000810A8B /* Captian.mp3 */,
				CEE23DC92785732500810A8B /* Ringtone.swift */,
				CEE23DC527856F9700810A8B /* IncomingCallViewController.swift */,
				CEE23DBD2785680B00810A8B /* Communication.swift */,
			);
			path = Common;
			sourceTree = "<group>";
		};
		CEFC2E8A2639B77C0023CD5A /* Extensions */ = {
			isa = PBXGroup;
			children = (
				CEFC2E8B2639B7AD0023CD5A /* UIImageViewExtension.swift */,
				CEFC2EA12639C6D60023CD5A /* UIViewExtension.swift */,
				CE1D0103263A950B00B1F2E1 /* UITextFieldExtension.swift */,
			);
			path = Extensions;
			sourceTree = "<group>";
		};
		CEFC2E902639B9950023CD5A /* Networking */ = {
			isa = PBXGroup;
			children = (
			);
			path = Networking;
			sourceTree = "<group>";
		};
		CEFC2E992639BA460023CD5A /* Configs */ = {
			isa = PBXGroup;
			children = (
				CEFC2E692639A63A0023CD5A /* Info.plist */,
				CEFC2E982639BA3E0023CD5A /* Development.xcconfig */,
				CEFC2E9B2639BAB70023CD5A /* Environment.swift */,
			);
			path = Configs;
			sourceTree = "<group>";
		};
/* End PBXGroup section */

/* Begin PBXNativeTarget section */
		CEFC2E572639A6380023CD5A /* Messenger */ = {
			isa = PBXNativeTarget;
			buildConfigurationList = CEFC2E6C2639A63A0023CD5A /* Build configuration list for PBXNativeTarget "Messenger" */;
			buildPhases = (
				8C57D18AA5F4238E987AD738 /* [CP] Check Pods Manifest.lock */,
				CEFC2E542639A6380023CD5A /* Sources */,
				CEFC2E552639A6380023CD5A /* Frameworks */,
				CEFC2E562639A6380023CD5A /* Resources */,
				072897DF40481A7AAC6368E5 /* [CP] Embed Pods Frameworks */,
			);
			buildRules = (
			);
			dependencies = (
			);
			name = Messenger;
			productName = Messenger;
			productReference = CEFC2E582639A6380023CD5A /* Messenger.app */;
			productType = "com.apple.product-type.application";
		};
/* End PBXNativeTarget section */

/* Begin PBXProject section */
		CEFC2E502639A6380023CD5A /* Project object */ = {
			isa = PBXProject;
			attributes = {
				LastSwiftUpdateCheck = 1240;
				LastUpgradeCheck = 1240;
				TargetAttributes = {
					CEFC2E572639A6380023CD5A = {
						CreatedOnToolsVersion = 12.4;
					};
				};
			};
			buildConfigurationList = CEFC2E532639A6380023CD5A /* Build configuration list for PBXProject "Messenger" */;
			compatibilityVersion = "Xcode 9.3";
			developmentRegion = en;
			hasScannedForEncodings = 0;
			knownRegions = (
				en,
				Base,
			);
			mainGroup = CEFC2E4F2639A6380023CD5A;
			productRefGroup = CEFC2E592639A6380023CD5A /* Products */;
			projectDirPath = "";
			projectRoot = "";
			targets = (
				CEFC2E572639A6380023CD5A /* Messenger */,
			);
		};
/* End PBXProject section */

/* Begin PBXResourcesBuildPhase section */
		CEFC2E562639A6380023CD5A /* Resources */ = {
			isa = PBXResourcesBuildPhase;
			buildActionMask = 2147483647;
			files = (
				CEFC2E682639A63A0023CD5A /* LaunchScreen.storyboard in Resources */,
				CEE23DCE278582B400810A8B /* sample.mp4 in Resources */,
				CEFC2E652639A63A0023CD5A /* Assets.xcassets in Resources */,
				CEFC2E632639A6380023CD5A /* Main.storyboard in Resources */,
				CEE23DCC2785734100810A8B /* Captian.mp3 in Resources */,
			);
			runOnlyForDeploymentPostprocessing = 0;
		};
/* End PBXResourcesBuildPhase section */

/* Begin PBXShellScriptBuildPhase section */
		072897DF40481A7AAC6368E5 /* [CP] Embed Pods Frameworks */ = {
			isa = PBXShellScriptBuildPhase;
			buildActionMask = 2147483647;
			files = (
			);
			inputFileListPaths = (
				"${PODS_ROOT}/Target Support Files/Pods-Messenger/Pods-Messenger-frameworks-${CONFIGURATION}-input-files.xcfilelist",
			);
			name = "[CP] Embed Pods Frameworks";
			outputFileListPaths = (
				"${PODS_ROOT}/Target Support Files/Pods-Messenger/Pods-Messenger-frameworks-${CONFIGURATION}-output-files.xcfilelist",
			);
			runOnlyForDeploymentPostprocessing = 0;
			shellPath = /bin/sh;
			shellScript = "\"${PODS_ROOT}/Target Support Files/Pods-Messenger/Pods-Messenger-frameworks.sh\"\n";
			showEnvVarsInLog = 0;
		};
		8C57D18AA5F4238E987AD738 /* [CP] Check Pods Manifest.lock */ = {
			isa = PBXShellScriptBuildPhase;
			buildActionMask = 2147483647;
			files = (
			);
			inputFileListPaths = (
			);
			inputPaths = (
				"${PODS_PODFILE_DIR_PATH}/Podfile.lock",
				"${PODS_ROOT}/Manifest.lock",
			);
			name = "[CP] Check Pods Manifest.lock";
			outputFileListPaths = (
			);
			outputPaths = (
				"$(DERIVED_FILE_DIR)/Pods-Messenger-checkManifestLockResult.txt",
			);
			runOnlyForDeploymentPostprocessing = 0;
			shellPath = /bin/sh;
			shellScript = "diff \"${PODS_PODFILE_DIR_PATH}/Podfile.lock\" \"${PODS_ROOT}/Manifest.lock\" > /dev/null\nif [ $? != 0 ] ; then\n    # print error to STDERR\n    echo \"error: The sandbox is not in sync with the Podfile.lock. Run 'pod install' or update your CocoaPods installation.\" >&2\n    exit 1\nfi\n# This output is used by Xcode 'outputs' to avoid re-running this script phase.\necho \"SUCCESS\" > \"${SCRIPT_OUTPUT_FILE_0}\"\n";
			showEnvVarsInLog = 0;
		};
/* End PBXShellScriptBuildPhase section */

/* Begin PBXSourcesBuildPhase section */
		CEFC2E542639A6380023CD5A /* Sources */ = {
			isa = PBXSourcesBuildPhase;
			buildActionMask = 2147483647;
			files = (
				CEFC2E8C2639B7AD0023CD5A /* UIImageViewExtension.swift in Sources */,
				CEE23DBC278567D100810A8B /* RTCSimluatorVideoEncoderFactory.swift in Sources */,
				CEE23DBE2785680C00810A8B /* Communication.swift in Sources */,
				CEFC2E9C2639BAB70023CD5A /* Environment.swift in Sources */,
				CEFC2E5C2639A6380023CD5A /* AppDelegate.swift in Sources */,
				CEE23DC82785705700810A8B /* EntryViewController.swift in Sources */,
				CEE23DB9278567D100810A8B /* RTCCustomFrameCapture.swift in Sources */,
				CEFC2EA22639C6D60023CD5A /* UIViewExtension.swift in Sources */,
				CEFC2E5E2639A6380023CD5A /* SceneDelegate.swift in Sources */,
				CEE23DB3278567B600810A8B /* VideoCallViewController.swift in Sources */,
				CE1D0104263A950B00B1F2E1 /* UITextFieldExtension.swift in Sources */,
				CEE23DBA278567D100810A8B /* RTCSimulatorVideoDecoderFactory.swift in Sources */,
				CEE23DC22785686600810A8B /* CameraSession.swift in Sources */,
				CEE23DC02785683800810A8B /* CameraFilter.swift in Sources */,
				CEE23DC627856F9700810A8B /* IncomingCallViewController.swift in Sources */,
				CEE23DCA2785732500810A8B /* Ringtone.swift in Sources */,
				CEE23DBB278567D100810A8B /* WebRTCClient.swift in Sources */,
			);
			runOnlyForDeploymentPostprocessing = 0;
		};
/* End PBXSourcesBuildPhase section */

/* Begin PBXVariantGroup section */
		CEFC2E612639A6380023CD5A /* Main.storyboard */ = {
			isa = PBXVariantGroup;
			children = (
				CEFC2E622639A6380023CD5A /* Base */,
			);
			name = Main.storyboard;
			sourceTree = "<group>";
		};
		CEFC2E662639A63A0023CD5A /* LaunchScreen.storyboard */ = {
			isa = PBXVariantGroup;
			children = (
				CEFC2E672639A63A0023CD5A /* Base */,
			);
			name = LaunchScreen.storyboard;
			sourceTree = "<group>";
		};
/* End PBXVariantGroup section */

/* Begin XCBuildConfiguration section */
		CEFC2E6A2639A63A0023CD5A /* Debug */ = {
			isa = XCBuildConfiguration;
			baseConfigurationReference = CEFC2E982639BA3E0023CD5A /* Development.xcconfig */;
			buildSettings = {
				ALWAYS_SEARCH_USER_PATHS = NO;
				CLANG_ANALYZER_NONNULL = YES;
				CLANG_ANALYZER_NUMBER_OBJECT_CONVERSION = YES_AGGRESSIVE;
				CLANG_CXX_LANGUAGE_STANDARD = "gnu++14";
				CLANG_CXX_LIBRARY = "libc++";
				CLANG_ENABLE_MODULES = YES;
				CLANG_ENABLE_OBJC_ARC = YES;
				CLANG_ENABLE_OBJC_WEAK = YES;
				CLANG_WARN_BLOCK_CAPTURE_AUTORELEASING = YES;
				CLANG_WARN_BOOL_CONVERSION = YES;
				CLANG_WARN_COMMA = YES;
				CLANG_WARN_CONSTANT_CONVERSION = YES;
				CLANG_WARN_DEPRECATED_OBJC_IMPLEMENTATIONS = YES;
				CLANG_WARN_DIRECT_OBJC_ISA_USAGE = YES_ERROR;
				CLANG_WARN_DOCUMENTATION_COMMENTS = YES;
				CLANG_WARN_EMPTY_BODY = YES;
				CLANG_WARN_ENUM_CONVERSION = YES;
				CLANG_WARN_INFINITE_RECURSION = YES;
				CLANG_WARN_INT_CONVERSION = YES;
				CLANG_WARN_NON_LITERAL_NULL_CONVERSION = YES;
				CLANG_WARN_OBJC_IMPLICIT_RETAIN_SELF = YES;
				CLANG_WARN_OBJC_LITERAL_CONVERSION = YES;
				CLANG_WARN_OBJC_ROOT_CLASS = YES_ERROR;
				CLANG_WARN_QUOTED_INCLUDE_IN_FRAMEWORK_HEADER = YES;
				CLANG_WARN_RANGE_LOOP_ANALYSIS = YES;
				CLANG_WARN_STRICT_PROTOTYPES = YES;
				CLANG_WARN_SUSPICIOUS_MOVE = YES;
				CLANG_WARN_UNGUARDED_AVAILABILITY = YES_AGGRESSIVE;
				CLANG_WARN_UNREACHABLE_CODE = YES;
				CLANG_WARN__DUPLICATE_METHOD_MATCH = YES;
				COPY_PHASE_STRIP = NO;
				DEBUG_INFORMATION_FORMAT = dwarf;
				ENABLE_STRICT_OBJC_MSGSEND = YES;
				ENABLE_TESTABILITY = YES;
				GCC_C_LANGUAGE_STANDARD = gnu11;
				GCC_DYNAMIC_NO_PIC = NO;
				GCC_NO_COMMON_BLOCKS = YES;
				GCC_OPTIMIZATION_LEVEL = 0;
				GCC_PREPROCESSOR_DEFINITIONS = (
					"DEBUG=1",
					"$(inherited)",
				);
				GCC_WARN_64_TO_32_BIT_CONVERSION = YES;
				GCC_WARN_ABOUT_RETURN_TYPE = YES_ERROR;
				GCC_WARN_UNDECLARED_SELECTOR = YES;
				GCC_WARN_UNINITIALIZED_AUTOS = YES_AGGRESSIVE;
				GCC_WARN_UNUSED_FUNCTION = YES;
				GCC_WARN_UNUSED_VARIABLE = YES;
				IPHONEOS_DEPLOYMENT_TARGET = 13.0;
				MTL_ENABLE_DEBUG_INFO = INCLUDE_SOURCE;
				MTL_FAST_MATH = YES;
				ONLY_ACTIVE_ARCH = YES;
				SDKROOT = iphoneos;
				SWIFT_ACTIVE_COMPILATION_CONDITIONS = DEBUG;
				SWIFT_OPTIMIZATION_LEVEL = "-Onone";
			};
			name = Debug;
		};
		CEFC2E6B2639A63A0023CD5A /* Release */ = {
			isa = XCBuildConfiguration;
			buildSettings = {
				ALWAYS_SEARCH_USER_PATHS = NO;
				CLANG_ANALYZER_NONNULL = YES;
				CLANG_ANALYZER_NUMBER_OBJECT_CONVERSION = YES_AGGRESSIVE;
				CLANG_CXX_LANGUAGE_STANDARD = "gnu++14";
				CLANG_CXX_LIBRARY = "libc++";
				CLANG_ENABLE_MODULES = YES;
				CLANG_ENABLE_OBJC_ARC = YES;
				CLANG_ENABLE_OBJC_WEAK = YES;
				CLANG_WARN_BLOCK_CAPTURE_AUTORELEASING = YES;
				CLANG_WARN_BOOL_CONVERSION = YES;
				CLANG_WARN_COMMA = YES;
				CLANG_WARN_CONSTANT_CONVERSION = YES;
				CLANG_WARN_DEPRECATED_OBJC_IMPLEMENTATIONS = YES;
				CLANG_WARN_DIRECT_OBJC_ISA_USAGE = YES_ERROR;
				CLANG_WARN_DOCUMENTATION_COMMENTS = YES;
				CLANG_WARN_EMPTY_BODY = YES;
				CLANG_WARN_ENUM_CONVERSION = YES;
				CLANG_WARN_INFINITE_RECURSION = YES;
				CLANG_WARN_INT_CONVERSION = YES;
				CLANG_WARN_NON_LITERAL_NULL_CONVERSION = YES;
				CLANG_WARN_OBJC_IMPLICIT_RETAIN_SELF = YES;
				CLANG_WARN_OBJC_LITERAL_CONVERSION = YES;
				CLANG_WARN_OBJC_ROOT_CLASS = YES_ERROR;
				CLANG_WARN_QUOTED_INCLUDE_IN_FRAMEWORK_HEADER = YES;
				CLANG_WARN_RANGE_LOOP_ANALYSIS = YES;
				CLANG_WARN_STRICT_PROTOTYPES = YES;
				CLANG_WARN_SUSPICIOUS_MOVE = YES;
				CLANG_WARN_UNGUARDED_AVAILABILITY = YES_AGGRESSIVE;
				CLANG_WARN_UNREACHABLE_CODE = YES;
				CLANG_WARN__DUPLICATE_METHOD_MATCH = YES;
				COPY_PHASE_STRIP = NO;
				DEBUG_INFORMATION_FORMAT = "dwarf-with-dsym";
				ENABLE_NS_ASSERTIONS = NO;
				ENABLE_STRICT_OBJC_MSGSEND = YES;
				GCC_C_LANGUAGE_STANDARD = gnu11;
				GCC_NO_COMMON_BLOCKS = YES;
				GCC_WARN_64_TO_32_BIT_CONVERSION = YES;
				GCC_WARN_ABOUT_RETURN_TYPE = YES_ERROR;
				GCC_WARN_UNDECLARED_SELECTOR = YES;
				GCC_WARN_UNINITIALIZED_AUTOS = YES_AGGRESSIVE;
				GCC_WARN_UNUSED_FUNCTION = YES;
				GCC_WARN_UNUSED_VARIABLE = YES;
				IPHONEOS_DEPLOYMENT_TARGET = 13.0;
				MTL_ENABLE_DEBUG_INFO = NO;
				MTL_FAST_MATH = YES;
				SDKROOT = iphoneos;
				SWIFT_COMPILATION_MODE = wholemodule;
				SWIFT_OPTIMIZATION_LEVEL = "-O";
				VALIDATE_PRODUCT = YES;
			};
			name = Release;
		};
		CEFC2E6D2639A63A0023CD5A /* Debug */ = {
			isa = XCBuildConfiguration;
			baseConfigurationReference = 4C2E23434BAA7D35EB72E668 /* Pods-Messenger.debug.xcconfig */;
			buildSettings = {
				ASSETCATALOG_COMPILER_APPICON_NAME = AppIcon;
				ASSETCATALOG_COMPILER_GLOBAL_ACCENT_COLOR_NAME = AccentColor;
				CODE_SIGN_IDENTITY = "Apple Development";
				CODE_SIGN_STYLE = Automatic;
				DEVELOPMENT_TEAM = 4PKS68B59N;
				ENABLE_BITCODE = NO;
				INFOPLIST_FILE = "$(SRCROOT)/Messenger/Configs/Info.plist";
				LD_RUNPATH_SEARCH_PATHS = (
					"$(inherited)",
					"@executable_path/Frameworks",
				);
				PRODUCT_BUNDLE_IDENTIFIER = com.zyrasoft.VideoMessenger;
				PRODUCT_NAME = "$(TARGET_NAME)";
				PROVISIONING_PROFILE_SPECIFIER = "";
				SWIFT_VERSION = 5.0;
				TARGETED_DEVICE_FAMILY = "1,2";
			};
			name = Debug;
		};
		CEFC2E6E2639A63A0023CD5A /* Release */ = {
			isa = XCBuildConfiguration;
			baseConfigurationReference = 221A3AF44C236C190E209096 /* Pods-Messenger.release.xcconfig */;
			buildSettings = {
				ASSETCATALOG_COMPILER_APPICON_NAME = AppIcon;
				ASSETCATALOG_COMPILER_GLOBAL_ACCENT_COLOR_NAME = AccentColor;
				CODE_SIGN_IDENTITY = "Apple Development";
				CODE_SIGN_STYLE = Automatic;
				DEVELOPMENT_TEAM = 4PKS68B59N;
				ENABLE_BITCODE = NO;
				INFOPLIST_FILE = "$(SRCROOT)/Messenger/Configs/Info.plist";
				LD_RUNPATH_SEARCH_PATHS = (
					"$(inherited)",
					"@executable_path/Frameworks",
				);
				PRODUCT_BUNDLE_IDENTIFIER = com.zyrasoft.VideoMessenger;
				PRODUCT_NAME = "$(TARGET_NAME)";
				PROVISIONING_PROFILE_SPECIFIER = "";
				SWIFT_VERSION = 5.0;
				TARGETED_DEVICE_FAMILY = "1,2";
			};
			name = Release;
		};
/* End XCBuildConfiguration section */

/* Begin XCConfigurationList section */
		CEFC2E532639A6380023CD5A /* Build configuration list for PBXProject "Messenger" */ = {
			isa = XCConfigurationList;
			buildConfigurations = (
				CEFC2E6A2639A63A0023CD5A /* Debug */,
				CEFC2E6B2639A63A0023CD5A /* Release */,
			);
			defaultConfigurationIsVisible = 0;
			defaultConfigurationName = Release;
		};
		CEFC2E6C2639A63A0023CD5A /* Build configuration list for PBXNativeTarget "Messenger" */ = {
			isa = XCConfigurationList;
			buildConfigurations = (
				CEFC2E6D2639A63A0023CD5A /* Debug */,
				CEFC2E6E2639A63A0023CD5A /* Release */,
			);
			defaultConfigurationIsVisible = 0;
			defaultConfigurationName = Release;
		};
/* End XCConfigurationList section */
	};
	rootObject = CEFC2E502639A6380023CD5A /* Project object */;
}
